
Microsoft Visual Studio Solution File, Format Version 12.00
# Visual Studio Version 16
VisualStudioVersion = 16.0.30002.166
MinimumVisualStudioVersion = 10.0.40219.1
Project("{FAE04EC0-301F-11D3-BF4B-00C04F79EFBC}") = "FileDrag01", "FileDrag01\FileDrag01.csproj", "{236B2B20-F2FC-438A-B370-CDD7AD5AE80C}"
EndProject
Global
	GlobalSection(SolutionConfigurationPlatforms) = preSolution
		Debug|Any CPU = Debug|Any CPU
		Release|Any CPU = Release|Any CPU
	EndGlobalSection
	GlobalSection(ProjectConfigurationPlatforms) = postSolution
		{236B2B20-F2FC-438A-B370-CDD7AD5AE80C}.Debug|Any CPU.ActiveCfg = Debug|Any CPU
		{236B2B20-F2FC-438A-B370-CDD7AD5AE80C}.Debug|Any CPU.Build.0 = Debug|Any CPU
		{236B2B20-F2FC-438A-B370-CDD7AD5AE80C}.Release|Any CPU.ActiveCfg = Release|Any CPU
		{236B2B20-F2FC-438A-B370-CDD7AD5AE80C}.Release|Any CPU.Build.0 = Release|Any CPU
	EndGlobalSection
	GlobalSection(SolutionProperties) = preSolution
		HideSolutionNode = FALSE
	EndGlobalSection
	GlobalSection(ExtensibilityGlobals) = postSolution
		SolutionGuid = {A728795C-6ED6-477B-ABB8-641BC3A20218}
	EndGlobalSection
EndGlobal
